
Microsoft Visual Studio Solution File, Format Version 12.00
# Visual Studio Version 16
VisualStudioVersion = 16.0.31515.178
MinimumVisualStudioVersion = 10.0.40219.1
Project("{FAE04EC0-301F-11D3-BF4B-00C04F79EFBC}") = "POSService", "POSService\POSService.csproj", "{F3B8AAC2-AB39-410D-B89C-72900C52EB3B}"
EndProject
Global
	GlobalSection(SolutionConfigurationPlatforms) = preSolution
		Debug|Any CPU = Debug|Any CPU
		Release|Any CPU = Release|Any CPU
	EndGlobalSection
	GlobalSection(ProjectConfigurationPlatforms) = postSolution
		{F3B8AAC2-AB39-410D-B89C-72900C52EB3B}.Debug|Any CPU.ActiveCfg = Debug|Any CPU
		{F3B8AAC2-AB39-410D-B89C-72900C52EB3B}.Debug|Any CPU.Build.0 = Debug|Any CPU
		{F3B8AAC2-AB39-410D-B89C-72900C52EB3B}.Release|Any CPU.ActiveCfg = Release|Any CPU
		{F3B8AAC2-AB39-410D-B89C-72900C52EB3B}.Release|Any CPU.Build.0 = Release|Any CPU
	EndGlobalSection
	GlobalSection(SolutionProperties) = preSolution
		HideSolutionNode = FALSE
	EndGlobalSection
	GlobalSection(ExtensibilityGlobals) = postSolution
		SolutionGuid = {53C0EF4E-F85E-4E9F-A267-12494B351009}
	EndGlobalSection
EndGlobal
